
Microsoft Visual Studio Solution File, Format Version 12.00
# Visual Studio Version 17
VisualStudioVersion = 17.7.34221.43
MinimumVisualStudioVersion = 10.0.40219.1
Project("{FAE04EC0-301F-11D3-BF4B-00C04F79EFBC}") = "Massiiv", "Massiiv\Massiiv.csproj", "{8F512B01-18F5-4F29-BA70-6FD3CDAA6ACA}"
EndProject
Global
	GlobalSection(SolutionConfigurationPlatforms) = preSolution
		Debug|Any CPU = Debug|Any CPU
		Release|Any CPU = Release|Any CPU
	EndGlobalSection
	GlobalSection(ProjectConfigurationPlatforms) = postSolution
		{8F512B01-18F5-4F29-BA70-6FD3CDAA6ACA}.Debug|Any CPU.ActiveCfg = Debug|Any CPU
		{8F512B01-18F5-4F29-BA70-6FD3CDAA6ACA}.Debug|Any CPU.Build.0 = Debug|Any CPU
		{8F512B01-18F5-4F29-BA70-6FD3CDAA6ACA}.Release|Any CPU.ActiveCfg = Release|Any CPU
		{8F512B01-18F5-4F29-BA70-6FD3CDAA6ACA}.Release|Any CPU.Build.0 = Release|Any CPU
	EndGlobalSection
	GlobalSection(SolutionProperties) = preSolution
		HideSolutionNode = FALSE
	EndGlobalSection
	GlobalSection(ExtensibilityGlobals) = postSolution
		SolutionGuid = {5A641249-849B-41F7-99B0-CAF4BC701AF6}
	EndGlobalSection
EndGlobal
