
Microsoft Visual Studio Solution File, Format Version 12.00
# Visual Studio Version 17
VisualStudioVersion = 17.7.34221.43
MinimumVisualStudioVersion = 10.0.40219.1
Project("{FAE04EC0-301F-11D3-BF4B-00C04F79EFBC}") = "IfAndElse", "IfAndElse\IfAndElse.csproj", "{C3FBC0A8-9CD3-4995-90E4-4C726A6BF047}"
EndProject
Global
	GlobalSection(SolutionConfigurationPlatforms) = preSolution
		Debug|Any CPU = Debug|Any CPU
		Release|Any CPU = Release|Any CPU
	EndGlobalSection
	GlobalSection(ProjectConfigurationPlatforms) = postSolution
		{C3FBC0A8-9CD3-4995-90E4-4C726A6BF047}.Debug|Any CPU.ActiveCfg = Debug|Any CPU
		{C3FBC0A8-9CD3-4995-90E4-4C726A6BF047}.Debug|Any CPU.Build.0 = Debug|Any CPU
		{C3FBC0A8-9CD3-4995-90E4-4C726A6BF047}.Release|Any CPU.ActiveCfg = Release|Any CPU
		{C3FBC0A8-9CD3-4995-90E4-4C726A6BF047}.Release|Any CPU.Build.0 = Release|Any CPU
	EndGlobalSection
	GlobalSection(SolutionProperties) = preSolution
		HideSolutionNode = FALSE
	EndGlobalSection
	GlobalSection(ExtensibilityGlobals) = postSolution
		SolutionGuid = {BD066EFB-36B1-42E7-A537-F80E8A9A2E90}
	EndGlobalSection
EndGlobal
