
Microsoft Visual Studio Solution File, Format Version 12.00
# Visual Studio Version 17
VisualStudioVersion = 17.7.34221.43
MinimumVisualStudioVersion = 10.0.40219.1
Project("{FAE04EC0-301F-11D3-BF4B-00C04F79EFBC}") = "LINQ", "LINQ\LINQ.csproj", "{4E4CAEFA-469D-4255-B04B-1BC049D305C7}"
EndProject
Global
	GlobalSection(SolutionConfigurationPlatforms) = preSolution
		Debug|Any CPU = Debug|Any CPU
		Release|Any CPU = Release|Any CPU
	EndGlobalSection
	GlobalSection(ProjectConfigurationPlatforms) = postSolution
		{4E4CAEFA-469D-4255-B04B-1BC049D305C7}.Debug|Any CPU.ActiveCfg = Debug|Any CPU
		{4E4CAEFA-469D-4255-B04B-1BC049D305C7}.Debug|Any CPU.Build.0 = Debug|Any CPU
		{4E4CAEFA-469D-4255-B04B-1BC049D305C7}.Release|Any CPU.ActiveCfg = Release|Any CPU
		{4E4CAEFA-469D-4255-B04B-1BC049D305C7}.Release|Any CPU.Build.0 = Release|Any CPU
	EndGlobalSection
	GlobalSection(SolutionProperties) = preSolution
		HideSolutionNode = FALSE
	EndGlobalSection
	GlobalSection(ExtensibilityGlobals) = postSolution
		SolutionGuid = {D2C39040-FFAF-40D2-AE70-6C56123BFB25}
	EndGlobalSection
EndGlobal
