
Microsoft Visual Studio Solution File, Format Version 12.00
# Visual Studio Version 17
VisualStudioVersion = 17.7.34221.43
MinimumVisualStudioVersion = 10.0.40219.1
Project("{FAE04EC0-301F-11D3-BF4B-00C04F79EFBC}") = "InheritanceVINCode", "InheritanceVINCode\InheritanceVINCode.csproj", "{46CBF5A5-F31C-4ABD-81B7-8B999C239373}"
EndProject
Global
	GlobalSection(SolutionConfigurationPlatforms) = preSolution
		Debug|Any CPU = Debug|Any CPU
		Release|Any CPU = Release|Any CPU
	EndGlobalSection
	GlobalSection(ProjectConfigurationPlatforms) = postSolution
		{46CBF5A5-F31C-4ABD-81B7-8B999C239373}.Debug|Any CPU.ActiveCfg = Debug|Any CPU
		{46CBF5A5-F31C-4ABD-81B7-8B999C239373}.Debug|Any CPU.Build.0 = Debug|Any CPU
		{46CBF5A5-F31C-4ABD-81B7-8B999C239373}.Release|Any CPU.ActiveCfg = Release|Any CPU
		{46CBF5A5-F31C-4ABD-81B7-8B999C239373}.Release|Any CPU.Build.0 = Release|Any CPU
	EndGlobalSection
	GlobalSection(SolutionProperties) = preSolution
		HideSolutionNode = FALSE
	EndGlobalSection
	GlobalSection(ExtensibilityGlobals) = postSolution
		SolutionGuid = {C24A1FBD-DCBC-4F14-B32F-FA9355A5510E}
	EndGlobalSection
EndGlobal
