
Microsoft Visual Studio Solution File, Format Version 12.00
# Visual Studio Version 17
VisualStudioVersion = 17.7.34221.43
MinimumVisualStudioVersion = 10.0.40219.1
Project("{FAE04EC0-301F-11D3-BF4B-00C04F79EFBC}") = "ListForeach", "ListForeach\ListForeach.csproj", "{807248E8-21CC-4060-AA02-74582E38EDB5}"
EndProject
Global
	GlobalSection(SolutionConfigurationPlatforms) = preSolution
		Debug|Any CPU = Debug|Any CPU
		Release|Any CPU = Release|Any CPU
	EndGlobalSection
	GlobalSection(ProjectConfigurationPlatforms) = postSolution
		{807248E8-21CC-4060-AA02-74582E38EDB5}.Debug|Any CPU.ActiveCfg = Debug|Any CPU
		{807248E8-21CC-4060-AA02-74582E38EDB5}.Debug|Any CPU.Build.0 = Debug|Any CPU
		{807248E8-21CC-4060-AA02-74582E38EDB5}.Release|Any CPU.ActiveCfg = Release|Any CPU
		{807248E8-21CC-4060-AA02-74582E38EDB5}.Release|Any CPU.Build.0 = Release|Any CPU
	EndGlobalSection
	GlobalSection(SolutionProperties) = preSolution
		HideSolutionNode = FALSE
	EndGlobalSection
	GlobalSection(ExtensibilityGlobals) = postSolution
		SolutionGuid = {58EA4001-31F1-4BF0-B23D-34B6C0468079}
	EndGlobalSection
EndGlobal
