
Microsoft Visual Studio Solution File, Format Version 12.00
# Visual Studio Version 17
VisualStudioVersion = 17.7.34221.43
MinimumVisualStudioVersion = 10.0.40219.1
Project("{FAE04EC0-301F-11D3-BF4B-00C04F79EFBC}") = "LINQ", "LINQ\LINQ.csproj", "{4A73C340-3B16-4213-8592-923777462796}"
EndProject
Global
	GlobalSection(SolutionConfigurationPlatforms) = preSolution
		Debug|Any CPU = Debug|Any CPU
		Release|Any CPU = Release|Any CPU
	EndGlobalSection
	GlobalSection(ProjectConfigurationPlatforms) = postSolution
		{4A73C340-3B16-4213-8592-923777462796}.Debug|Any CPU.ActiveCfg = Debug|Any CPU
		{4A73C340-3B16-4213-8592-923777462796}.Debug|Any CPU.Build.0 = Debug|Any CPU
		{4A73C340-3B16-4213-8592-923777462796}.Release|Any CPU.ActiveCfg = Release|Any CPU
		{4A73C340-3B16-4213-8592-923777462796}.Release|Any CPU.Build.0 = Release|Any CPU
	EndGlobalSection
	GlobalSection(SolutionProperties) = preSolution
		HideSolutionNode = FALSE
	EndGlobalSection
	GlobalSection(ExtensibilityGlobals) = postSolution
		SolutionGuid = {61811391-F414-42D9-ACC0-F1987282C392}
	EndGlobalSection
EndGlobal
