
Microsoft Visual Studio Solution File, Format Version 12.00
# Visual Studio Version 17
VisualStudioVersion = 17.7.34221.43
MinimumVisualStudioVersion = 10.0.40219.1
Project("{FAE04EC0-301F-11D3-BF4B-00C04F79EFBC}") = "ForLoopArray", "ForLoopArray\ForLoopArray.csproj", "{E5914F8D-2480-4606-9E6B-10D25C35AB18}"
EndProject
Global
	GlobalSection(SolutionConfigurationPlatforms) = preSolution
		Debug|Any CPU = Debug|Any CPU
		Release|Any CPU = Release|Any CPU
	EndGlobalSection
	GlobalSection(ProjectConfigurationPlatforms) = postSolution
		{E5914F8D-2480-4606-9E6B-10D25C35AB18}.Debug|Any CPU.ActiveCfg = Debug|Any CPU
		{E5914F8D-2480-4606-9E6B-10D25C35AB18}.Debug|Any CPU.Build.0 = Debug|Any CPU
		{E5914F8D-2480-4606-9E6B-10D25C35AB18}.Release|Any CPU.ActiveCfg = Release|Any CPU
		{E5914F8D-2480-4606-9E6B-10D25C35AB18}.Release|Any CPU.Build.0 = Release|Any CPU
	EndGlobalSection
	GlobalSection(SolutionProperties) = preSolution
		HideSolutionNode = FALSE
	EndGlobalSection
	GlobalSection(ExtensibilityGlobals) = postSolution
		SolutionGuid = {C9FBFC5E-CEEF-4855-9094-B0E6BDE78773}
	EndGlobalSection
EndGlobal
