
Microsoft Visual Studio Solution File, Format Version 12.00
# Visual Studio Version 17
VisualStudioVersion = 17.7.34221.43
MinimumVisualStudioVersion = 10.0.40219.1
Project("{FAE04EC0-301F-11D3-BF4B-00C04F79EFBC}") = "TryCatchSwitch", "TryCatchSwitch\TryCatchSwitch.csproj", "{2ECD03FC-A034-45C1-B14B-040E26D4FD6B}"
EndProject
Global
	GlobalSection(SolutionConfigurationPlatforms) = preSolution
		Debug|Any CPU = Debug|Any CPU
		Release|Any CPU = Release|Any CPU
	EndGlobalSection
	GlobalSection(ProjectConfigurationPlatforms) = postSolution
		{2ECD03FC-A034-45C1-B14B-040E26D4FD6B}.Debug|Any CPU.ActiveCfg = Debug|Any CPU
		{2ECD03FC-A034-45C1-B14B-040E26D4FD6B}.Debug|Any CPU.Build.0 = Debug|Any CPU
		{2ECD03FC-A034-45C1-B14B-040E26D4FD6B}.Release|Any CPU.ActiveCfg = Release|Any CPU
		{2ECD03FC-A034-45C1-B14B-040E26D4FD6B}.Release|Any CPU.Build.0 = Release|Any CPU
	EndGlobalSection
	GlobalSection(SolutionProperties) = preSolution
		HideSolutionNode = FALSE
	EndGlobalSection
	GlobalSection(ExtensibilityGlobals) = postSolution
		SolutionGuid = {64DDD8D4-7088-4A86-B16F-D499A63B3A3D}
	EndGlobalSection
EndGlobal
