
Microsoft Visual Studio Solution File, Format Version 12.00
# Visual Studio Version 17
VisualStudioVersion = 17.7.34221.43
MinimumVisualStudioVersion = 10.0.40219.1
Project("{FAE04EC0-301F-11D3-BF4B-00C04F79EFBC}") = "ForLoopNumbers", "ForLoopNumbers\ForLoopNumbers.csproj", "{525B7759-93DC-46F4-B437-9514C87DE25D}"
EndProject
Global
	GlobalSection(SolutionConfigurationPlatforms) = preSolution
		Debug|Any CPU = Debug|Any CPU
		Release|Any CPU = Release|Any CPU
	EndGlobalSection
	GlobalSection(ProjectConfigurationPlatforms) = postSolution
		{525B7759-93DC-46F4-B437-9514C87DE25D}.Debug|Any CPU.ActiveCfg = Debug|Any CPU
		{525B7759-93DC-46F4-B437-9514C87DE25D}.Debug|Any CPU.Build.0 = Debug|Any CPU
		{525B7759-93DC-46F4-B437-9514C87DE25D}.Release|Any CPU.ActiveCfg = Release|Any CPU
		{525B7759-93DC-46F4-B437-9514C87DE25D}.Release|Any CPU.Build.0 = Release|Any CPU
	EndGlobalSection
	GlobalSection(SolutionProperties) = preSolution
		HideSolutionNode = FALSE
	EndGlobalSection
	GlobalSection(ExtensibilityGlobals) = postSolution
		SolutionGuid = {94684B19-B4FB-4A6E-9919-727EEB177A30}
	EndGlobalSection
EndGlobal
