
Microsoft Visual Studio Solution File, Format Version 12.00
# Visual Studio Version 17
VisualStudioVersion = 17.7.34221.43
MinimumVisualStudioVersion = 10.0.40219.1
Project("{FAE04EC0-301F-11D3-BF4B-00C04F79EFBC}") = "ForAsterisk", "ForAsterisk\ForAsterisk.csproj", "{966DEE62-8C58-4857-927A-0F5714BAB8CD}"
EndProject
Global
	GlobalSection(SolutionConfigurationPlatforms) = preSolution
		Debug|Any CPU = Debug|Any CPU
		Release|Any CPU = Release|Any CPU
	EndGlobalSection
	GlobalSection(ProjectConfigurationPlatforms) = postSolution
		{966DEE62-8C58-4857-927A-0F5714BAB8CD}.Debug|Any CPU.ActiveCfg = Debug|Any CPU
		{966DEE62-8C58-4857-927A-0F5714BAB8CD}.Debug|Any CPU.Build.0 = Debug|Any CPU
		{966DEE62-8C58-4857-927A-0F5714BAB8CD}.Release|Any CPU.ActiveCfg = Release|Any CPU
		{966DEE62-8C58-4857-927A-0F5714BAB8CD}.Release|Any CPU.Build.0 = Release|Any CPU
	EndGlobalSection
	GlobalSection(SolutionProperties) = preSolution
		HideSolutionNode = FALSE
	EndGlobalSection
	GlobalSection(ExtensibilityGlobals) = postSolution
		SolutionGuid = {02CBB937-956B-411A-BE16-5C94B5D43748}
	EndGlobalSection
EndGlobal
