
Microsoft Visual Studio Solution File, Format Version 12.00
# Visual Studio Version 17
VisualStudioVersion = 17.7.34018.315
MinimumVisualStudioVersion = 10.0.40219.1
Project("{FAE04EC0-301F-11D3-BF4B-00C04F79EFBC}") = "ConsoleApp1", "ConsoleApp1\ConsoleApp1.csproj", "{F6B85134-2FBB-4951-A1E8-D2F1FEDDFF87}"
EndProject
Global
	GlobalSection(SolutionConfigurationPlatforms) = preSolution
		Debug|Any CPU = Debug|Any CPU
		Release|Any CPU = Release|Any CPU
	EndGlobalSection
	GlobalSection(ProjectConfigurationPlatforms) = postSolution
		{F6B85134-2FBB-4951-A1E8-D2F1FEDDFF87}.Debug|Any CPU.ActiveCfg = Debug|Any CPU
		{F6B85134-2FBB-4951-A1E8-D2F1FEDDFF87}.Debug|Any CPU.Build.0 = Debug|Any CPU
		{F6B85134-2FBB-4951-A1E8-D2F1FEDDFF87}.Release|Any CPU.ActiveCfg = Release|Any CPU
		{F6B85134-2FBB-4951-A1E8-D2F1FEDDFF87}.Release|Any CPU.Build.0 = Release|Any CPU
	EndGlobalSection
	GlobalSection(SolutionProperties) = preSolution
		HideSolutionNode = FALSE
	EndGlobalSection
	GlobalSection(ExtensibilityGlobals) = postSolution
		SolutionGuid = {173E9411-D279-48B0-BA5F-28E33F92E7D3}
	EndGlobalSection
EndGlobal
