
Microsoft Visual Studio Solution File, Format Version 12.00
# Visual Studio Version 17
VisualStudioVersion = 17.7.34221.43
MinimumVisualStudioVersion = 10.0.40219.1
Project("{FAE04EC0-301F-11D3-BF4B-00C04F79EFBC}") = "DecimalToBinary", "DecimalToBinary\DecimalToBinary.csproj", "{86109D36-A02E-4332-9BE5-FB23B3EFC7D4}"
EndProject
Global
	GlobalSection(SolutionConfigurationPlatforms) = preSolution
		Debug|Any CPU = Debug|Any CPU
		Release|Any CPU = Release|Any CPU
	EndGlobalSection
	GlobalSection(ProjectConfigurationPlatforms) = postSolution
		{86109D36-A02E-4332-9BE5-FB23B3EFC7D4}.Debug|Any CPU.ActiveCfg = Debug|Any CPU
		{86109D36-A02E-4332-9BE5-FB23B3EFC7D4}.Debug|Any CPU.Build.0 = Debug|Any CPU
		{86109D36-A02E-4332-9BE5-FB23B3EFC7D4}.Release|Any CPU.ActiveCfg = Release|Any CPU
		{86109D36-A02E-4332-9BE5-FB23B3EFC7D4}.Release|Any CPU.Build.0 = Release|Any CPU
	EndGlobalSection
	GlobalSection(SolutionProperties) = preSolution
		HideSolutionNode = FALSE
	EndGlobalSection
	GlobalSection(ExtensibilityGlobals) = postSolution
		SolutionGuid = {2DDBBA06-F21D-405A-99DD-06A3FFB8A480}
	EndGlobalSection
EndGlobal
