
Microsoft Visual Studio Solution File, Format Version 12.00
# Visual Studio Version 17
VisualStudioVersion = 17.7.34221.43
MinimumVisualStudioVersion = 10.0.40219.1
Project("{FAE04EC0-301F-11D3-BF4B-00C04F79EFBC}") = "Switch", "Switch\Switch.csproj", "{786AE60E-AA70-4F55-94D3-D0BB4C6B3D77}"
EndProject
Global
	GlobalSection(SolutionConfigurationPlatforms) = preSolution
		Debug|Any CPU = Debug|Any CPU
		Release|Any CPU = Release|Any CPU
	EndGlobalSection
	GlobalSection(ProjectConfigurationPlatforms) = postSolution
		{786AE60E-AA70-4F55-94D3-D0BB4C6B3D77}.Debug|Any CPU.ActiveCfg = Debug|Any CPU
		{786AE60E-AA70-4F55-94D3-D0BB4C6B3D77}.Debug|Any CPU.Build.0 = Debug|Any CPU
		{786AE60E-AA70-4F55-94D3-D0BB4C6B3D77}.Release|Any CPU.ActiveCfg = Release|Any CPU
		{786AE60E-AA70-4F55-94D3-D0BB4C6B3D77}.Release|Any CPU.Build.0 = Release|Any CPU
	EndGlobalSection
	GlobalSection(SolutionProperties) = preSolution
		HideSolutionNode = FALSE
	EndGlobalSection
	GlobalSection(ExtensibilityGlobals) = postSolution
		SolutionGuid = {AA248B2E-0C69-4E41-B934-20B56A15B8D9}
	EndGlobalSection
EndGlobal
