
Microsoft Visual Studio Solution File, Format Version 12.00
# Visual Studio Version 17
VisualStudioVersion = 17.7.34221.43
MinimumVisualStudioVersion = 10.0.40219.1
Project("{FAE04EC0-301F-11D3-BF4B-00C04F79EFBC}") = "ListNumbersMinMaxSumAvarage", "ListNumbersMinMaxSumAvarage\ListNumbersMinMaxSumAvarage.csproj", "{89300EF0-208B-463F-975F-B453B7A4D3D7}"
EndProject
Global
	GlobalSection(SolutionConfigurationPlatforms) = preSolution
		Debug|Any CPU = Debug|Any CPU
		Release|Any CPU = Release|Any CPU
	EndGlobalSection
	GlobalSection(ProjectConfigurationPlatforms) = postSolution
		{89300EF0-208B-463F-975F-B453B7A4D3D7}.Debug|Any CPU.ActiveCfg = Debug|Any CPU
		{89300EF0-208B-463F-975F-B453B7A4D3D7}.Debug|Any CPU.Build.0 = Debug|Any CPU
		{89300EF0-208B-463F-975F-B453B7A4D3D7}.Release|Any CPU.ActiveCfg = Release|Any CPU
		{89300EF0-208B-463F-975F-B453B7A4D3D7}.Release|Any CPU.Build.0 = Release|Any CPU
	EndGlobalSection
	GlobalSection(SolutionProperties) = preSolution
		HideSolutionNode = FALSE
	EndGlobalSection
	GlobalSection(ExtensibilityGlobals) = postSolution
		SolutionGuid = {CB547B8A-B96E-427D-BB57-FFF30E64E318}
	EndGlobalSection
EndGlobal
