
Microsoft Visual Studio Solution File, Format Version 12.00
# Visual Studio Version 17
VisualStudioVersion = 17.7.34221.43
MinimumVisualStudioVersion = 10.0.40219.1
Project("{FAE04EC0-301F-11D3-BF4B-00C04F79EFBC}") = "ForeachNumberAdd", "ForeachNumberAdd\ForeachNumberAdd.csproj", "{E88F9A53-1ECC-48B0-9E7E-07DF4838F602}"
EndProject
Global
	GlobalSection(SolutionConfigurationPlatforms) = preSolution
		Debug|Any CPU = Debug|Any CPU
		Release|Any CPU = Release|Any CPU
	EndGlobalSection
	GlobalSection(ProjectConfigurationPlatforms) = postSolution
		{E88F9A53-1ECC-48B0-9E7E-07DF4838F602}.Debug|Any CPU.ActiveCfg = Debug|Any CPU
		{E88F9A53-1ECC-48B0-9E7E-07DF4838F602}.Debug|Any CPU.Build.0 = Debug|Any CPU
		{E88F9A53-1ECC-48B0-9E7E-07DF4838F602}.Release|Any CPU.ActiveCfg = Release|Any CPU
		{E88F9A53-1ECC-48B0-9E7E-07DF4838F602}.Release|Any CPU.Build.0 = Release|Any CPU
	EndGlobalSection
	GlobalSection(SolutionProperties) = preSolution
		HideSolutionNode = FALSE
	EndGlobalSection
	GlobalSection(ExtensibilityGlobals) = postSolution
		SolutionGuid = {4887C81B-987C-4465-8766-61C2DAB6AE31}
	EndGlobalSection
EndGlobal
