
Microsoft Visual Studio Solution File, Format Version 12.00
# Visual Studio Version 17
VisualStudioVersion = 17.7.34221.43
MinimumVisualStudioVersion = 10.0.40219.1
Project("{FAE04EC0-301F-11D3-BF4B-00C04F79EFBC}") = "Encapsulation", "Encapsulation\Encapsulation.csproj", "{1B18436C-7625-47AB-920E-B00C50EF3A11}"
EndProject
Project("{FAE04EC0-301F-11D3-BF4B-00C04F79EFBC}") = "Encapsulation.Service", "Encapsulation.Service\Encapsulation.Service.csproj", "{3C63B043-2A28-4D85-B175-13DFADD31359}"
EndProject
Global
	GlobalSection(SolutionConfigurationPlatforms) = preSolution
		Debug|Any CPU = Debug|Any CPU
		Release|Any CPU = Release|Any CPU
	EndGlobalSection
	GlobalSection(ProjectConfigurationPlatforms) = postSolution
		{1B18436C-7625-47AB-920E-B00C50EF3A11}.Debug|Any CPU.ActiveCfg = Debug|Any CPU
		{1B18436C-7625-47AB-920E-B00C50EF3A11}.Debug|Any CPU.Build.0 = Debug|Any CPU
		{1B18436C-7625-47AB-920E-B00C50EF3A11}.Release|Any CPU.ActiveCfg = Release|Any CPU
		{1B18436C-7625-47AB-920E-B00C50EF3A11}.Release|Any CPU.Build.0 = Release|Any CPU
		{3C63B043-2A28-4D85-B175-13DFADD31359}.Debug|Any CPU.ActiveCfg = Debug|Any CPU
		{3C63B043-2A28-4D85-B175-13DFADD31359}.Debug|Any CPU.Build.0 = Debug|Any CPU
		{3C63B043-2A28-4D85-B175-13DFADD31359}.Release|Any CPU.ActiveCfg = Release|Any CPU
		{3C63B043-2A28-4D85-B175-13DFADD31359}.Release|Any CPU.Build.0 = Release|Any CPU
	EndGlobalSection
	GlobalSection(SolutionProperties) = preSolution
		HideSolutionNode = FALSE
	EndGlobalSection
	GlobalSection(ExtensibilityGlobals) = postSolution
		SolutionGuid = {20211A87-7763-41A4-9B61-83889A19E016}
	EndGlobalSection
EndGlobal
