
Microsoft Visual Studio Solution File, Format Version 12.00
# Visual Studio Version 17
VisualStudioVersion = 17.7.34221.43
MinimumVisualStudioVersion = 10.0.40219.1
Project("{FAE04EC0-301F-11D3-BF4B-00C04F79EFBC}") = "Switch", "Switch\Switch.csproj", "{C1C759A3-9BF6-4146-A89E-1613CA18CF05}"
EndProject
Global
	GlobalSection(SolutionConfigurationPlatforms) = preSolution
		Debug|Any CPU = Debug|Any CPU
		Release|Any CPU = Release|Any CPU
	EndGlobalSection
	GlobalSection(ProjectConfigurationPlatforms) = postSolution
		{C1C759A3-9BF6-4146-A89E-1613CA18CF05}.Debug|Any CPU.ActiveCfg = Debug|Any CPU
		{C1C759A3-9BF6-4146-A89E-1613CA18CF05}.Debug|Any CPU.Build.0 = Debug|Any CPU
		{C1C759A3-9BF6-4146-A89E-1613CA18CF05}.Release|Any CPU.ActiveCfg = Release|Any CPU
		{C1C759A3-9BF6-4146-A89E-1613CA18CF05}.Release|Any CPU.Build.0 = Release|Any CPU
	EndGlobalSection
	GlobalSection(SolutionProperties) = preSolution
		HideSolutionNode = FALSE
	EndGlobalSection
	GlobalSection(ExtensibilityGlobals) = postSolution
		SolutionGuid = {1B19324E-C08D-44A4-A8DB-164C281706CF}
	EndGlobalSection
EndGlobal
