
Microsoft Visual Studio Solution File, Format Version 12.00
# Visual Studio Version 17
VisualStudioVersion = 17.7.34221.43
MinimumVisualStudioVersion = 10.0.40219.1
Project("{FAE04EC0-301F-11D3-BF4B-00C04F79EFBC}") = "SwitchMethodCalling", "SwitchMethodCalling\SwitchMethodCalling.csproj", "{1685D0A5-1456-44F8-A214-3354DF5000D7}"
EndProject
Global
	GlobalSection(SolutionConfigurationPlatforms) = preSolution
		Debug|Any CPU = Debug|Any CPU
		Release|Any CPU = Release|Any CPU
	EndGlobalSection
	GlobalSection(ProjectConfigurationPlatforms) = postSolution
		{1685D0A5-1456-44F8-A214-3354DF5000D7}.Debug|Any CPU.ActiveCfg = Debug|Any CPU
		{1685D0A5-1456-44F8-A214-3354DF5000D7}.Debug|Any CPU.Build.0 = Debug|Any CPU
		{1685D0A5-1456-44F8-A214-3354DF5000D7}.Release|Any CPU.ActiveCfg = Release|Any CPU
		{1685D0A5-1456-44F8-A214-3354DF5000D7}.Release|Any CPU.Build.0 = Release|Any CPU
	EndGlobalSection
	GlobalSection(SolutionProperties) = preSolution
		HideSolutionNode = FALSE
	EndGlobalSection
	GlobalSection(ExtensibilityGlobals) = postSolution
		SolutionGuid = {FF0B339B-83DD-4279-8C31-51C81C1F922E}
	EndGlobalSection
EndGlobal
