
Microsoft Visual Studio Solution File, Format Version 12.00
# Visual Studio Version 17
VisualStudioVersion = 17.7.34221.43
MinimumVisualStudioVersion = 10.0.40219.1
Project("{FAE04EC0-301F-11D3-BF4B-00C04F79EFBC}") = "SulgudeKasutamine", "SulgudeKasutamine\SulgudeKasutamine.csproj", "{5082526E-3078-4006-B199-8614A05BA6DB}"
EndProject
Global
	GlobalSection(SolutionConfigurationPlatforms) = preSolution
		Debug|Any CPU = Debug|Any CPU
		Release|Any CPU = Release|Any CPU
	EndGlobalSection
	GlobalSection(ProjectConfigurationPlatforms) = postSolution
		{5082526E-3078-4006-B199-8614A05BA6DB}.Debug|Any CPU.ActiveCfg = Debug|Any CPU
		{5082526E-3078-4006-B199-8614A05BA6DB}.Debug|Any CPU.Build.0 = Debug|Any CPU
		{5082526E-3078-4006-B199-8614A05BA6DB}.Release|Any CPU.ActiveCfg = Release|Any CPU
		{5082526E-3078-4006-B199-8614A05BA6DB}.Release|Any CPU.Build.0 = Release|Any CPU
	EndGlobalSection
	GlobalSection(SolutionProperties) = preSolution
		HideSolutionNode = FALSE
	EndGlobalSection
	GlobalSection(ExtensibilityGlobals) = postSolution
		SolutionGuid = {0A755E20-F505-4CF9-A1E8-547F0E2C601D}
	EndGlobalSection
EndGlobal
