
Microsoft Visual Studio Solution File, Format Version 12.00
# Visual Studio Version 17
VisualStudioVersion = 17.7.34221.43
MinimumVisualStudioVersion = 10.0.40219.1
Project("{FAE04EC0-301F-11D3-BF4B-00C04F79EFBC}") = "Datatypes", "Datatypes\Datatypes.csproj", "{1C9C5F47-DD50-40C5-87FC-711E596665CA}"
EndProject
Global
	GlobalSection(SolutionConfigurationPlatforms) = preSolution
		Debug|Any CPU = Debug|Any CPU
		Release|Any CPU = Release|Any CPU
	EndGlobalSection
	GlobalSection(ProjectConfigurationPlatforms) = postSolution
		{1C9C5F47-DD50-40C5-87FC-711E596665CA}.Debug|Any CPU.ActiveCfg = Debug|Any CPU
		{1C9C5F47-DD50-40C5-87FC-711E596665CA}.Debug|Any CPU.Build.0 = Debug|Any CPU
		{1C9C5F47-DD50-40C5-87FC-711E596665CA}.Release|Any CPU.ActiveCfg = Release|Any CPU
		{1C9C5F47-DD50-40C5-87FC-711E596665CA}.Release|Any CPU.Build.0 = Release|Any CPU
	EndGlobalSection
	GlobalSection(SolutionProperties) = preSolution
		HideSolutionNode = FALSE
	EndGlobalSection
	GlobalSection(ExtensibilityGlobals) = postSolution
		SolutionGuid = {8EA0FA7B-E0A6-4CC0-A57B-FAABDD8630BD}
	EndGlobalSection
EndGlobal
