
Microsoft Visual Studio Solution File, Format Version 12.00
# Visual Studio Version 17
VisualStudioVersion = 17.7.34221.43
MinimumVisualStudioVersion = 10.0.40219.1
Project("{FAE04EC0-301F-11D3-BF4B-00C04F79EFBC}") = "IfAndElse", "IfAndElse\IfAndElse.csproj", "{3AF531DB-C65E-4050-9B98-FDDFAC49422D}"
EndProject
Global
	GlobalSection(SolutionConfigurationPlatforms) = preSolution
		Debug|Any CPU = Debug|Any CPU
		Release|Any CPU = Release|Any CPU
	EndGlobalSection
	GlobalSection(ProjectConfigurationPlatforms) = postSolution
		{3AF531DB-C65E-4050-9B98-FDDFAC49422D}.Debug|Any CPU.ActiveCfg = Debug|Any CPU
		{3AF531DB-C65E-4050-9B98-FDDFAC49422D}.Debug|Any CPU.Build.0 = Debug|Any CPU
		{3AF531DB-C65E-4050-9B98-FDDFAC49422D}.Release|Any CPU.ActiveCfg = Release|Any CPU
		{3AF531DB-C65E-4050-9B98-FDDFAC49422D}.Release|Any CPU.Build.0 = Release|Any CPU
	EndGlobalSection
	GlobalSection(SolutionProperties) = preSolution
		HideSolutionNode = FALSE
	EndGlobalSection
	GlobalSection(ExtensibilityGlobals) = postSolution
		SolutionGuid = {A9B16B40-2F36-4D2B-81C9-F8C070D6A6C9}
	EndGlobalSection
EndGlobal
