
Microsoft Visual Studio Solution File, Format Version 12.00
# Visual Studio Version 17
VisualStudioVersion = 17.7.34221.43
MinimumVisualStudioVersion = 10.0.40219.1
Project("{FAE04EC0-301F-11D3-BF4B-00C04F79EFBC}") = "ForLoop", "ForLoop\ForLoop.csproj", "{8C05BFC0-0537-4BA0-82A4-DEDA7AB71E34}"
EndProject
Global
	GlobalSection(SolutionConfigurationPlatforms) = preSolution
		Debug|Any CPU = Debug|Any CPU
		Release|Any CPU = Release|Any CPU
	EndGlobalSection
	GlobalSection(ProjectConfigurationPlatforms) = postSolution
		{8C05BFC0-0537-4BA0-82A4-DEDA7AB71E34}.Debug|Any CPU.ActiveCfg = Debug|Any CPU
		{8C05BFC0-0537-4BA0-82A4-DEDA7AB71E34}.Debug|Any CPU.Build.0 = Debug|Any CPU
		{8C05BFC0-0537-4BA0-82A4-DEDA7AB71E34}.Release|Any CPU.ActiveCfg = Release|Any CPU
		{8C05BFC0-0537-4BA0-82A4-DEDA7AB71E34}.Release|Any CPU.Build.0 = Release|Any CPU
	EndGlobalSection
	GlobalSection(SolutionProperties) = preSolution
		HideSolutionNode = FALSE
	EndGlobalSection
	GlobalSection(ExtensibilityGlobals) = postSolution
		SolutionGuid = {5C3BACF7-5E67-43E3-A80F-641685E093A3}
	EndGlobalSection
EndGlobal
