
Microsoft Visual Studio Solution File, Format Version 12.00
# Visual Studio Version 17
VisualStudioVersion = 17.7.34221.43
MinimumVisualStudioVersion = 10.0.40219.1
Project("{FAE04EC0-301F-11D3-BF4B-00C04F79EFBC}") = "SwitchRandomNumbers", "SwitchRandomNumbers\SwitchRandomNumbers.csproj", "{CAFF8F29-CC5A-4894-8C60-9C0DFBC7C7D8}"
EndProject
Global
	GlobalSection(SolutionConfigurationPlatforms) = preSolution
		Debug|Any CPU = Debug|Any CPU
		Release|Any CPU = Release|Any CPU
	EndGlobalSection
	GlobalSection(ProjectConfigurationPlatforms) = postSolution
		{CAFF8F29-CC5A-4894-8C60-9C0DFBC7C7D8}.Debug|Any CPU.ActiveCfg = Debug|Any CPU
		{CAFF8F29-CC5A-4894-8C60-9C0DFBC7C7D8}.Debug|Any CPU.Build.0 = Debug|Any CPU
		{CAFF8F29-CC5A-4894-8C60-9C0DFBC7C7D8}.Release|Any CPU.ActiveCfg = Release|Any CPU
		{CAFF8F29-CC5A-4894-8C60-9C0DFBC7C7D8}.Release|Any CPU.Build.0 = Release|Any CPU
	EndGlobalSection
	GlobalSection(SolutionProperties) = preSolution
		HideSolutionNode = FALSE
	EndGlobalSection
	GlobalSection(ExtensibilityGlobals) = postSolution
		SolutionGuid = {72CC2EDB-AE4A-4C9D-B2D3-9370B5F17B46}
	EndGlobalSection
EndGlobal
